// !$*UTF8*$!
{
	archiveVersion = 1;
	classes = {
	};
	objectVersion = 50;
	objects = {

/* Begin PBXBuildFile section */
		80330A6B249A21C40074E23E /* AppDelegate.swift in Sources */ = {isa = PBXBuildFile; fileRef = 80330A6A249A21C40074E23E /* AppDelegate.swift */; };
		80330A6D249A21C40074E23E /* SceneDelegate.swift in Sources */ = {isa = PBXBuildFile; fileRef = 80330A6C249A21C40074E23E /* SceneDelegate.swift */; };
		80330A6F249A21C40074E23E /* ContentView.swift in Sources */ = {isa = PBXBuildFile; fileRef = 80330A6E249A21C40074E23E /* ContentView.swift */; };
		80330A71249A21C70074E23E /* Assets.xcassets in Resources */ = {isa = PBXBuildFile; fileRef = 80330A70249A21C70074E23E /* Assets.xcassets */; };
		80330A74249A21C70074E23E /* Preview Assets.xcassets in Resources */ = {isa = PBXBuildFile; fileRef = 80330A73249A21C70074E23E /* Preview Assets.xcassets */; };
		80330A77249A21C70074E23E /* LaunchScreen.storyboard in Resources */ = {isa = PBXBuildFile; fileRef = 80330A75249A21C70074E23E /* LaunchScreen.storyboard */; };
/* End PBXBuildFile section */

/* Begin PBXFileReference section */
		80330A67249A21C40074E23E /* Car Auctions.app */ = {isa = PBXFileReference; explicitFileType = wrapper.application; includeInIndex = 0; path = "Car Auctions.app"; sourceTree = BUILT_PRODUCTS_DIR; };
		80330A6A249A21C40074E23E /* AppDelegate.swift */ = {isa = PBXFileReference; lastKnownFileType = sourcecode.swift; path = AppDelegate.swift; sourceTree = "<group>"; };
		80330A6C249A21C40074E23E /* SceneDelegate.swift */ = {isa = PBXFileReference; lastKnownFileType = sourcecode.swift; path = SceneDelegate.swift; sourceTree = "<group>"; };
		80330A6E249A21C40074E23E /* ContentView.swift */ = {isa = PBXFileReference; lastKnownFileType = sourcecode.swift; path = ContentView.swift; sourceTree = "<group>"; };
		80330A70249A21C70074E23E /* Assets.xcassets */ = {isa = PBXFileReference; lastKnownFileType = folder.assetcatalog; path = Assets.xcassets; sourceTree = "<group>"; };
		80330A73249A21C70074E23E /* Preview Assets.xcassets */ = {isa = PBXFileReference; lastKnownFileType = folder.assetcatalog; path = "Preview Assets.xcassets"; sourceTree = "<group>"; };
		80330A76249A21C70074E23E /* Base */ = {isa = PBXFileReference; lastKnownFileType = file.storyboard; name = Base; path = Base.lproj/LaunchScreen.storyboard; sourceTree = "<group>"; };
		80330A78249A21C70074E23E /* Info.plist */ = {isa = PBXFileReference; lastKnownFileType = text.plist.xml; path = Info.plist; sourceTree = "<group>"; };
/* End PBXFileReference section */

/* Begin PBXFrameworksBuildPhase section */
		80330A64249A21C40074E23E /* Frameworks */ = {
			isa = PBXFrameworksBuildPhase;
			buildActionMask = 2147483647;
			files = (
			);
			runOnlyForDeploymentPostprocessing = 0;
		};
/* End PBXFrameworksBuildPhase section */

/* Begin PBXGroup section */
		80330A5E249A21C40074E23E = {
			isa = PBXGroup;
			children = (
				80330A69249A21C40074E23E /* Car Auctions */,
				80330A68249A21C40074E23E /* Products */,
			);
			sourceTree = "<group>";
		};
		80330A68249A21C40074E23E /* Products */ = {
			isa = PBXGroup;
			children = (
				80330A67249A21C40074E23E /* Car Auctions.app */,
			);
			name = Products;
			sourceTree = "<group>";
		};
		80330A69249A21C40074E23E /* Car Auctions */ = {
			isa = PBXGroup;
			children = (
				80330A6A249A21C40074E23E /* AppDelegate.swift */,
				80330A6C249A21C40074E23E /* SceneDelegate.swift */,
				80330A6E249A21C40074E23E /* ContentView.swift */,
				80330A70249A21C70074E23E /* Assets.xcassets */,
				80330A75249A21C70074E23E /* LaunchScreen.storyboard */,
				80330A78249A21C70074E23E /* Info.plist */,
				80330A72249A21C70074E23E /* Preview Content */,
			);
			path = "Car Auctions";
			sourceTree = "<group>";
		};
		80330A72249A21C70074E23E /* Preview Content */ = {
			isa = PBXGroup;
			children = (
				80330A73249A21C70074E23E /* Preview Assets.xcassets */,
			);
			path = "Preview Content";
			sourceTree = "<group>";
		};
/* End PBXGroup section */

/* Begin PBXNativeTarget section */
		80330A66249A21C40074E23E /* Car Auctions */ = {
			isa = PBXNativeTarget;
			buildConfigurationList = 80330A7B249A21C70074E23E /* Build configuration list for PBXNativeTarget "Car Auctions" */;
			buildPhases = (
				80330A63249A21C40074E23E /* Sources */,
				80330A64249A21C40074E23E /* Frameworks */,
				80330A65249A21C40074E23E /* Resources */,
			);
			buildRules = (
			);
			dependencies = (
			);
			name = "Car Auctions";
			productName = "Car Auctions";
			productReference = 80330A67249A21C40074E23E /* Car Auctions.app */;
			productType = "com.apple.product-type.application";
		};
/* End PBXNativeTarget section */

/* Begin PBXProject section */
		80330A5F249A21C40074E23E /* Project object */ = {
			isa = PBXProject;
			attributes = {
				LastSwiftUpdateCheck = 1150;
				LastUpgradeCheck = 1150;
				ORGANIZATIONNAME = "Warren Elliott";
				TargetAttributes = {
					80330A66249A21C40074E23E = {
						CreatedOnToolsVersion = 11.5;
					};
				};
			};
			buildConfigurationList = 80330A62249A21C40074E23E /* Build configuration list for PBXProject "Car Auctions" */;
			compatibilityVersion = "Xcode 9.3";
			developmentRegion = en;
			hasScannedForEncodings = 0;
			knownRegions = (
				en,
				Base,
			);
			mainGroup = 80330A5E249A21C40074E23E;
			productRefGroup = 80330A68249A21C40074E23E /* Products */;
			projectDirPath = "";
			projectRoot = "";
			targets = (
				80330A66249A21C40074E23E /* Car Auctions */,
			);
		};
/* End PBXProject section */

/* Begin PBXResourcesBuildPhase section */
		80330A65249A21C40074E23E /* Resources */ = {
			isa = PBXResourcesBuildPhase;
			buildActionMask = 2147483647;
			files = (
				80330A77249A21C70074E23E /* LaunchScreen.storyboard in Resources */,
				80330A74249A21C70074E23E /* Preview Assets.xcassets in Resources */,
				80330A71249A21C70074E23E /* Assets.xcassets in Resources */,
			);
			runOnlyForDeploymentPostprocessing = 0;
		};
/* End PBXResourcesBuildPhase section */

/* Begin PBXSourcesBuildPhase section */
		80330A63249A21C40074E23E /* Sources */ = {
			isa = PBXSourcesBuildPhase;
			buildActionMask = 2147483647;
			files = (
				80330A6B249A21C40074E23E /* AppDelegate.swift in Sources */,
				80330A6D249A21C40074E23E /* SceneDelegate.swift in Sources */,
				80330A6F249A21C40074E23E /* ContentView.swift in Sources */,
			);
			runOnlyForDeploymentPostprocessing = 0;
		};
/* End PBXSourcesBuildPhase section */

/* Begin PBXVariantGroup section */
		80330A75249A21C70074E23E /* LaunchScreen.storyboard */ = {
			isa = PBXVariantGroup;
			children = (
				80330A76249A21C70074E23E /* Base */,
			);
			name = LaunchScreen.storyboard;
			sourceTree = "<group>";
		};
/* End PBXVariantGroup section */

/* Begin XCBuildConfiguration section */
		80330A79249A21C70074E23E /* Debug */ = {
			isa = XCBuildConfiguration;
			buildSettings = {
				ALWAYS_SEARCH_USER_PATHS = NO;
				CLANG_ANALYZER_NONNULL = YES;
				CLANG_ANALYZER_NUMBER_OBJECT_CONVERSION = YES_AGGRESSIVE;
				CLANG_CXX_LANGUAGE_STANDARD = "gnu++14";
				CLANG_CXX_LIBRARY = "libc++";
				CLANG_ENABLE_MODULES = YES;
				CLANG_ENABLE_OBJC_ARC = YES;
				CLANG_ENABLE_OBJC_WEAK = YES;
				CLANG_WARN_BLOCK_CAPTURE_AUTORELEASING = YES;
				CLANG_WARN_BOOL_CONVERSION = YES;
				CLANG_WARN_COMMA = YES;
				CLANG_WARN_CONSTANT_CONVERSION = YES;
				CLANG_WARN_DEPRECATED_OBJC_IMPLEMENTATIONS = YES;
				CLANG_WARN_DIRECT_OBJC_ISA_USAGE = YES_ERROR;
				CLANG_WARN_DOCUMENTATION_COMMENTS = YES;
				CLANG_WARN_EMPTY_BODY = YES;
				CLANG_WARN_ENUM_CONVERSION = YES;
				CLANG_WARN_INFINITE_RECURSION = YES;
				CLANG_WARN_INT_CONVERSION = YES;
				CLANG_WARN_NON_LITERAL_NULL_CONVERSION = YES;
				CLANG_WARN_OBJC_IMPLICIT_RETAIN_SELF = YES;
				CLANG_WARN_OBJC_LITERAL_CONVERSION = YES;
				CLANG_WARN_OBJC_ROOT_CLASS = YES_ERROR;
				CLANG_WARN_RANGE_LOOP_ANALYSIS = YES;
				CLANG_WARN_STRICT_PROTOTYPES = YES;
				CLANG_WARN_SUSPICIOUS_MOVE = YES;
				CLANG_WARN_UNGUARDED_AVAILABILITY = YES_AGGRESSIVE;
				CLANG_WARN_UNREACHABLE_CODE = YES;
				CLANG_WARN__DUPLICATE_METHOD_MATCH = YES;
				COPY_PHASE_STRIP = NO;
				DEBUG_INFORMATION_FORMAT = dwarf;
				ENABLE_STRICT_OBJC_MSGSEND = YES;
				ENABLE_TESTABILITY = YES;
				GCC_C_LANGUAGE_STANDARD = gnu11;
				GCC_DYNAMIC_NO_PIC = NO;
				GCC_NO_COMMON_BLOCKS = YES;
				GCC_OPTIMIZATION_LEVEL = 0;
				GCC_PREPROCESSOR_DEFINITIONS = (
					"DEBUG=1",
					"$(inherited)",
				);
				GCC_WARN_64_TO_32_BIT_CONVERSION = YES;
				GCC_WARN_ABOUT_RETURN_TYPE = YES_ERROR;
				GCC_WARN_UNDECLARED_SELECTOR = YES;
				GCC_WARN_UNINITIALIZED_AUTOS = YES_AGGRESSIVE;
				GCC_WARN_UNUSED_FUNCTION = YES;
				GCC_WARN_UNUSED_VARIABLE = YES;
				IPHONEOS_DEPLOYMENT_TARGET = 13.5;
				MTL_ENABLE_DEBUG_INFO = INCLUDE_SOURCE;
				MTL_FAST_MATH = YES;
				ONLY_ACTIVE_ARCH = YES;
				SDKROOT = iphoneos;
				SWIFT_ACTIVE_COMPILATION_CONDITIONS = DEBUG;
				SWIFT_OPTIMIZATION_LEVEL = "-Onone";
			};
			name = Debug;
		};
		80330A7A249A21C70074E23E /* Release */ = {
			isa = XCBuildConfiguration;
			buildSettings = {
				ALWAYS_SEARCH_USER_PATHS = NO;
				CLANG_ANALYZER_NONNULL = YES;
				CLANG_ANALYZER_NUMBER_OBJECT_CONVERSION = YES_AGGRESSIVE;
				CLANG_CXX_LANGUAGE_STANDARD = "gnu++14";
				CLANG_CXX_LIBRARY = "libc++";
				CLANG_ENABLE_MODULES = YES;
				CLANG_ENABLE_OBJC_ARC = YES;
				CLANG_ENABLE_OBJC_WEAK = YES;
				CLANG_WARN_BLOCK_CAPTURE_AUTORELEASING = YES;
				CLANG_WARN_BOOL_CONVERSION = YES;
				CLANG_WARN_COMMA = YES;
				CLANG_WARN_CONSTANT_CONVERSION = YES;
				CLANG_WARN_DEPRECATED_OBJC_IMPLEMENTATIONS = YES;
				CLANG_WARN_DIRECT_OBJC_ISA_USAGE = YES_ERROR;
				CLANG_WARN_DOCUMENTATION_COMMENTS = YES;
				CLANG_WARN_EMPTY_BODY = YES;
				CLANG_WARN_ENUM_CONVERSION = YES;
				CLANG_WARN_INFINITE_RECURSION = YES;
				CLANG_WARN_INT_CONVERSION = YES;
				CLANG_WARN_NON_LITERAL_NULL_CONVERSION = YES;
				CLANG_WARN_OBJC_IMPLICIT_RETAIN_SELF = YES;
				CLANG_WARN_OBJC_LITERAL_CONVERSION = YES;
				CLANG_WARN_OBJC_ROOT_CLASS = YES_ERROR;
				CLANG_WARN_RANGE_LOOP_ANALYSIS = YES;
				CLANG_WARN_STRICT_PROTOTYPES = YES;
				CLANG_WARN_SUSPICIOUS_MOVE = YES;
				CLANG_WARN_UNGUARDED_AVAILABILITY = YES_AGGRESSIVE;
				CLANG_WARN_UNREACHABLE_CODE = YES;
				CLANG_WARN__DUPLICATE_METHOD_MATCH = YES;
				COPY_PHASE_STRIP = NO;
				DEBUG_INFORMATION_FORMAT = "dwarf-with-dsym";
				ENABLE_NS_ASSERTIONS = NO;
				ENABLE_STRICT_OBJC_MSGSEND = YES;
				GCC_C_LANGUAGE_STANDARD = gnu11;
				GCC_NO_COMMON_BLOCKS = YES;
				GCC_WARN_64_TO_32_BIT_CONVERSION = YES;
				GCC_WARN_ABOUT_RETURN_TYPE = YES_ERROR;
				GCC_WARN_UNDECLARED_SELECTOR = YES;
				GCC_WARN_UNINITIALIZED_AUTOS = YES_AGGRESSIVE;
				GCC_WARN_UNUSED_FUNCTION = YES;
				GCC_WARN_UNUSED_VARIABLE = YES;
				IPHONEOS_DEPLOYMENT_TARGET = 13.5;
				MTL_ENABLE_DEBUG_INFO = NO;
				MTL_FAST_MATH = YES;
				SDKROOT = iphoneos;
				SWIFT_COMPILATION_MODE = wholemodule;
				SWIFT_OPTIMIZATION_LEVEL = "-O";
				VALIDATE_PRODUCT = YES;
			};
			name = Release;
		};
		80330A7C249A21C70074E23E /* Debug */ = {
			isa = XCBuildConfiguration;
			buildSettings = {
				ASSETCATALOG_COMPILER_APPICON_NAME = AppIcon;
				CODE_SIGN_STYLE = Automatic;
				DEVELOPMENT_ASSET_PATHS = "\"Car Auctions/Preview Content\"";
				DEVELOPMENT_TEAM = 84DJYQD757;
				ENABLE_PREVIEWS = YES;
				INFOPLIST_FILE = "Car Auctions/Info.plist";
				LD_RUNPATH_SEARCH_PATHS = (
					"$(inherited)",
					"@executable_path/Frameworks",
				);
				PRODUCT_BUNDLE_IDENTIFIER = "com.warrenElliott.Car-Auctions";
				PRODUCT_NAME = "$(TARGET_NAME)";
				SWIFT_VERSION = 5.0;
				TARGETED_DEVICE_FAMILY = "1,2";
			};
			name = Debug;
		};
		80330A7D249A21C70074E23E /* Release */ = {
			isa = XCBuildConfiguration;
			buildSettings = {
				ASSETCATALOG_COMPILER_APPICON_NAME = AppIcon;
				CODE_SIGN_STYLE = Automatic;
				DEVELOPMENT_ASSET_PATHS = "\"Car Auctions/Preview Content\"";
				DEVELOPMENT_TEAM = 84DJYQD757;
				ENABLE_PREVIEWS = YES;
				INFOPLIST_FILE = "Car Auctions/Info.plist";
				LD_RUNPATH_SEARCH_PATHS = (
					"$(inherited)",
					"@executable_path/Frameworks",
				);
				PRODUCT_BUNDLE_IDENTIFIER = "com.warrenElliott.Car-Auctions";
				PRODUCT_NAME = "$(TARGET_NAME)";
				SWIFT_VERSION = 5.0;
				TARGETED_DEVICE_FAMILY = "1,2";
			};
			name = Release;
		};
/* End XCBuildConfiguration section */

/* Begin XCConfigurationList section */
		80330A62249A21C40074E23E /* Build configuration list for PBXProject "Car Auctions" */ = {
			isa = XCConfigurationList;
			buildConfigurations = (
				80330A79249A21C70074E23E /* Debug */,
				80330A7A249A21C70074E23E /* Release */,
			);
			defaultConfigurationIsVisible = 0;
			defaultConfigurationName = Release;
		};
		80330A7B249A21C70074E23E /* Build configuration list for PBXNativeTarget "Car Auctions" */ = {
			isa = XCConfigurationList;
			buildConfigurations = (
				80330A7C249A21C70074E23E /* Debug */,
				80330A7D249A21C70074E23E /* Release */,
			);
			defaultConfigurationIsVisible = 0;
			defaultConfigurationName = Release;
		};
/* End XCConfigurationList section */
	};
	rootObject = 80330A5F249A21C40074E23E /* Project object */;
}
