// !$*UTF8*$!
{
	archiveVersion = 1;
	classes = {
	};
	objectVersion = 51;
	objects = {

/* Begin PBXBuildFile section */
		80047DB7253F527600EF78AB /* SearchResultsView.swift in Sources */ = {isa = PBXBuildFile; fileRef = 80047DB6253F527600EF78AB /* SearchResultsView.swift */; };
		80047DB92540C8A100EF78AB /* AdListContentView.swift in Sources */ = {isa = PBXBuildFile; fileRef = 80047DB82540C8A100EF78AB /* AdListContentView.swift */; };
		800FDB6C2556B1C70093C76C /* Roboto-Regular.ttf in Resources */ = {isa = PBXBuildFile; fileRef = 800FDB6B2556B1C70093C76C /* Roboto-Regular.ttf */; };
		800FDB8B2557E5E20093C76C /* Roboto-Bold.ttf in Resources */ = {isa = PBXBuildFile; fileRef = 800FDB8A2557E5E20093C76C /* Roboto-Bold.ttf */; };
		80330A6B249A21C40074E23E /* AppDelegate.swift in Sources */ = {isa = PBXBuildFile; fileRef = 80330A6A249A21C40074E23E /* AppDelegate.swift */; };
		80330A6D249A21C40074E23E /* SceneDelegate.swift in Sources */ = {isa = PBXBuildFile; fileRef = 80330A6C249A21C40074E23E /* SceneDelegate.swift */; };
		80330A6F249A21C40074E23E /* FirstTimeUserScreen.swift in Sources */ = {isa = PBXBuildFile; fileRef = 80330A6E249A21C40074E23E /* FirstTimeUserScreen.swift */; };
		80330A71249A21C70074E23E /* Assets.xcassets in Resources */ = {isa = PBXBuildFile; fileRef = 80330A70249A21C70074E23E /* Assets.xcassets */; };
		80330A74249A21C70074E23E /* Preview Assets.xcassets in Resources */ = {isa = PBXBuildFile; fileRef = 80330A73249A21C70074E23E /* Preview Assets.xcassets */; };
		80330A77249A21C70074E23E /* LaunchScreen.storyboard in Resources */ = {isa = PBXBuildFile; fileRef = 80330A75249A21C70074E23E /* LaunchScreen.storyboard */; };
		804451EF24ADF7D000CFFEB4 /* TimeManager.swift in Sources */ = {isa = PBXBuildFile; fileRef = 804451EE24ADF7D000CFFEB4 /* TimeManager.swift */; };
		804451F124AE829300CFFEB4 /* AdManager.swift in Sources */ = {isa = PBXBuildFile; fileRef = 804451F024AE829300CFFEB4 /* AdManager.swift */; };
		804451F324AF25FD00CFFEB4 /* StoreUserDetails.swift in Sources */ = {isa = PBXBuildFile; fileRef = 804451F224AF25FD00CFFEB4 /* StoreUserDetails.swift */; };
		80483499249B612D005CACAF /* FeaturedView.swift in Sources */ = {isa = PBXBuildFile; fileRef = 80483498249B612D005CACAF /* FeaturedView.swift */; };
		8048349B249B8D27005CACAF /* AuctionSale.swift in Sources */ = {isa = PBXBuildFile; fileRef = 8048349A249B8D27005CACAF /* AuctionSale.swift */; };
		8048349E249B8F41005CACAF /* AuctionSaleData.swift in Sources */ = {isa = PBXBuildFile; fileRef = 8048349D249B8F41005CACAF /* AuctionSaleData.swift */; };
		804834A0249B938B005CACAF /* SaleData.swift in Sources */ = {isa = PBXBuildFile; fileRef = 8048349F249B938B005CACAF /* SaleData.swift */; };
		804834A3249BB34A005CACAF /* GoogleService-Info.plist in Resources */ = {isa = PBXBuildFile; fileRef = 804834A2249BB34A005CACAF /* GoogleService-Info.plist */; };
		804B19DB24B4B1B200EA8ED7 /* PagingView.swift in Sources */ = {isa = PBXBuildFile; fileRef = 804B19DA24B4B1B200EA8ED7 /* PagingView.swift */; };
		804E2DB124BF74F000891202 /* LocationTextField.swift in Sources */ = {isa = PBXBuildFile; fileRef = 804E2DB024BF74F000891202 /* LocationTextField.swift */; };
		804E2DB324C32F1700891202 /* LoadContent.swift in Sources */ = {isa = PBXBuildFile; fileRef = 804E2DB224C32F1700891202 /* LoadContent.swift */; };
		808BAE57256AD48800055B85 /* UserAccountView.swift in Sources */ = {isa = PBXBuildFile; fileRef = 808BAE56256AD48800055B85 /* UserAccountView.swift */; };
		808BAE61256F0A5500055B85 /* UserContentView.swift in Sources */ = {isa = PBXBuildFile; fileRef = 808BAE60256F0A5500055B85 /* UserContentView.swift */; };
		808C26A8255B1CA1000EFA30 /* BidHistoryData.swift in Sources */ = {isa = PBXBuildFile; fileRef = 808C26A7255B1CA1000EFA30 /* BidHistoryData.swift */; };
		8090B75825495095009C2E61 /* PlaceBidView.swift in Sources */ = {isa = PBXBuildFile; fileRef = 8090B75725495095009C2E61 /* PlaceBidView.swift */; };
		8095A6EB24AF5CFB00DD59BE /* AdDetailView.swift in Sources */ = {isa = PBXBuildFile; fileRef = 8095A6EA24AF5CFB00DD59BE /* AdDetailView.swift */; };
		8095A6ED24B081C000DD59BE /* Colours.swift in Sources */ = {isa = PBXBuildFile; fileRef = 8095A6EC24B081C000DD59BE /* Colours.swift */; };
		809D1992249CC78700D3D0AE /* TabBarView.swift in Sources */ = {isa = PBXBuildFile; fileRef = 809D1991249CC78700D3D0AE /* TabBarView.swift */; };
		80AA162C24A3AA1900E258E3 /* SearchPageView.swift in Sources */ = {isa = PBXBuildFile; fileRef = 80AA162B24A3AA1900E258E3 /* SearchPageView.swift */; };
		80D3F92A255DD61E00226ECC /* UserBidsView.swift in Sources */ = {isa = PBXBuildFile; fileRef = 80D3F929255DD61E00226ECC /* UserBidsView.swift */; };
		80DB5A0E25596128005625D9 /* BidSuccessPopUpView.swift in Sources */ = {isa = PBXBuildFile; fileRef = 80DB5A0D25596128005625D9 /* BidSuccessPopUpView.swift */; };
		80E0C031249E186100559261 /* SellPageView.swift in Sources */ = {isa = PBXBuildFile; fileRef = 80E0C030249E186100559261 /* SellPageView.swift */; };
		80F417A72576583300182346 /* Favourites.swift in Sources */ = {isa = PBXBuildFile; fileRef = 80F417A62576583300182346 /* Favourites.swift */; };
		80F417B8257818FB00182346 /* UserAuthenticator.swift in Sources */ = {isa = PBXBuildFile; fileRef = 80F417B7257818FB00182346 /* UserAuthenticator.swift */; };
		BC2512E0619610D194765827 /* Pods_Car_Auctions.framework in Frameworks */ = {isa = PBXBuildFile; fileRef = 144FFB826B1372E3A9830BFF /* Pods_Car_Auctions.framework */; };
/* End PBXBuildFile section */

/* Begin PBXFileReference section */
		11F867A9A7E9CE3E73345864 /* Pods-Car Auctions.release.xcconfig */ = {isa = PBXFileReference; includeInIndex = 1; lastKnownFileType = text.xcconfig; name = "Pods-Car Auctions.release.xcconfig"; path = "Target Support Files/Pods-Car Auctions/Pods-Car Auctions.release.xcconfig"; sourceTree = "<group>"; };
		144FFB826B1372E3A9830BFF /* Pods_Car_Auctions.framework */ = {isa = PBXFileReference; explicitFileType = wrapper.framework; includeInIndex = 0; path = Pods_Car_Auctions.framework; sourceTree = BUILT_PRODUCTS_DIR; };
		16726E7519CE0F1928A3D6B3 /* Pods-Car Auctions.debug.xcconfig */ = {isa = PBXFileReference; includeInIndex = 1; lastKnownFileType = text.xcconfig; name = "Pods-Car Auctions.debug.xcconfig"; path = "Target Support Files/Pods-Car Auctions/Pods-Car Auctions.debug.xcconfig"; sourceTree = "<group>"; };
		80047DB6253F527600EF78AB /* SearchResultsView.swift */ = {isa = PBXFileReference; lastKnownFileType = sourcecode.swift; path = SearchResultsView.swift; sourceTree = "<group>"; };
		80047DB82540C8A100EF78AB /* AdListContentView.swift */ = {isa = PBXFileReference; lastKnownFileType = sourcecode.swift; path = AdListContentView.swift; sourceTree = "<group>"; };
		800FDB6B2556B1C70093C76C /* Roboto-Regular.ttf */ = {isa = PBXFileReference; lastKnownFileType = file; path = "Roboto-Regular.ttf"; sourceTree = "<group>"; };
		800FDB8A2557E5E20093C76C /* Roboto-Bold.ttf */ = {isa = PBXFileReference; lastKnownFileType = file; path = "Roboto-Bold.ttf"; sourceTree = "<group>"; };
		80330A67249A21C40074E23E /* Car Auctions.app */ = {isa = PBXFileReference; explicitFileType = wrapper.application; includeInIndex = 0; path = "Car Auctions.app"; sourceTree = BUILT_PRODUCTS_DIR; };
		80330A6A249A21C40074E23E /* AppDelegate.swift */ = {isa = PBXFileReference; lastKnownFileType = sourcecode.swift; path = AppDelegate.swift; sourceTree = "<group>"; };
		80330A6C249A21C40074E23E /* SceneDelegate.swift */ = {isa = PBXFileReference; lastKnownFileType = sourcecode.swift; path = SceneDelegate.swift; sourceTree = "<group>"; };
		80330A6E249A21C40074E23E /* FirstTimeUserScreen.swift */ = {isa = PBXFileReference; lastKnownFileType = sourcecode.swift; path = FirstTimeUserScreen.swift; sourceTree = "<group>"; };
		80330A70249A21C70074E23E /* Assets.xcassets */ = {isa = PBXFileReference; lastKnownFileType = folder.assetcatalog; path = Assets.xcassets; sourceTree = "<group>"; };
		80330A73249A21C70074E23E /* Preview Assets.xcassets */ = {isa = PBXFileReference; lastKnownFileType = folder.assetcatalog; path = "Preview Assets.xcassets"; sourceTree = "<group>"; };
		80330A76249A21C70074E23E /* Base */ = {isa = PBXFileReference; lastKnownFileType = file.storyboard; name = Base; path = Base.lproj/LaunchScreen.storyboard; sourceTree = "<group>"; };
		80330A78249A21C70074E23E /* Info.plist */ = {isa = PBXFileReference; lastKnownFileType = text.plist.xml; path = Info.plist; sourceTree = "<group>"; };
		804451EE24ADF7D000CFFEB4 /* TimeManager.swift */ = {isa = PBXFileReference; lastKnownFileType = sourcecode.swift; path = TimeManager.swift; sourceTree = "<group>"; };
		804451F024AE829300CFFEB4 /* AdManager.swift */ = {isa = PBXFileReference; lastKnownFileType = sourcecode.swift; path = AdManager.swift; sourceTree = "<group>"; };
		804451F224AF25FD00CFFEB4 /* StoreUserDetails.swift */ = {isa = PBXFileReference; lastKnownFileType = sourcecode.swift; path = StoreUserDetails.swift; sourceTree = "<group>"; };
		80483498249B612D005CACAF /* FeaturedView.swift */ = {isa = PBXFileReference; lastKnownFileType = sourcecode.swift; path = FeaturedView.swift; sourceTree = "<group>"; };
		8048349A249B8D27005CACAF /* AuctionSale.swift */ = {isa = PBXFileReference; lastKnownFileType = sourcecode.swift; path = AuctionSale.swift; sourceTree = "<group>"; };
		8048349D249B8F41005CACAF /* AuctionSaleData.swift */ = {isa = PBXFileReference; lastKnownFileType = sourcecode.swift; path = AuctionSaleData.swift; sourceTree = "<group>"; };
		8048349F249B938B005CACAF /* SaleData.swift */ = {isa = PBXFileReference; lastKnownFileType = sourcecode.swift; path = SaleData.swift; sourceTree = "<group>"; };
		804834A2249BB34A005CACAF /* GoogleService-Info.plist */ = {isa = PBXFileReference; fileEncoding = 4; lastKnownFileType = text.plist.xml; path = "GoogleService-Info.plist"; sourceTree = "<group>"; };
		804B19DA24B4B1B200EA8ED7 /* PagingView.swift */ = {isa = PBXFileReference; lastKnownFileType = sourcecode.swift; path = PagingView.swift; sourceTree = "<group>"; };
		804E2DB024BF74F000891202 /* LocationTextField.swift */ = {isa = PBXFileReference; lastKnownFileType = sourcecode.swift; path = LocationTextField.swift; sourceTree = "<group>"; };
		804E2DB224C32F1700891202 /* LoadContent.swift */ = {isa = PBXFileReference; lastKnownFileType = sourcecode.swift; path = LoadContent.swift; sourceTree = "<group>"; };
		808BAE56256AD48800055B85 /* UserAccountView.swift */ = {isa = PBXFileReference; lastKnownFileType = sourcecode.swift; path = UserAccountView.swift; sourceTree = "<group>"; };
		808BAE60256F0A5500055B85 /* UserContentView.swift */ = {isa = PBXFileReference; lastKnownFileType = sourcecode.swift; path = UserContentView.swift; sourceTree = "<group>"; };
		808C26A7255B1CA1000EFA30 /* BidHistoryData.swift */ = {isa = PBXFileReference; lastKnownFileType = sourcecode.swift; path = BidHistoryData.swift; sourceTree = "<group>"; };
		8090B75725495095009C2E61 /* PlaceBidView.swift */ = {isa = PBXFileReference; lastKnownFileType = sourcecode.swift; path = PlaceBidView.swift; sourceTree = "<group>"; };
		8095A6EA24AF5CFB00DD59BE /* AdDetailView.swift */ = {isa = PBXFileReference; lastKnownFileType = sourcecode.swift; path = AdDetailView.swift; sourceTree = "<group>"; };
		8095A6EC24B081C000DD59BE /* Colours.swift */ = {isa = PBXFileReference; lastKnownFileType = sourcecode.swift; path = Colours.swift; sourceTree = "<group>"; };
		809D1991249CC78700D3D0AE /* TabBarView.swift */ = {isa = PBXFileReference; lastKnownFileType = sourcecode.swift; path = TabBarView.swift; sourceTree = "<group>"; };
		80AA162B24A3AA1900E258E3 /* SearchPageView.swift */ = {isa = PBXFileReference; lastKnownFileType = sourcecode.swift; path = SearchPageView.swift; sourceTree = "<group>"; };
		80D3F929255DD61E00226ECC /* UserBidsView.swift */ = {isa = PBXFileReference; lastKnownFileType = sourcecode.swift; path = UserBidsView.swift; sourceTree = "<group>"; };
		80DB5A0D25596128005625D9 /* BidSuccessPopUpView.swift */ = {isa = PBXFileReference; lastKnownFileType = sourcecode.swift; path = BidSuccessPopUpView.swift; sourceTree = "<group>"; };
		80E0C030249E186100559261 /* SellPageView.swift */ = {isa = PBXFileReference; lastKnownFileType = sourcecode.swift; path = SellPageView.swift; sourceTree = "<group>"; };
		80F417A62576583300182346 /* Favourites.swift */ = {isa = PBXFileReference; lastKnownFileType = sourcecode.swift; path = Favourites.swift; sourceTree = "<group>"; };
		80F417B7257818FB00182346 /* UserAuthenticator.swift */ = {isa = PBXFileReference; fileEncoding = 4; lastKnownFileType = sourcecode.swift; path = UserAuthenticator.swift; sourceTree = "<group>"; };
/* End PBXFileReference section */

/* Begin PBXFrameworksBuildPhase section */
		80330A64249A21C40074E23E /* Frameworks */ = {
			isa = PBXFrameworksBuildPhase;
			buildActionMask = 2147483647;
			files = (
				BC2512E0619610D194765827 /* Pods_Car_Auctions.framework in Frameworks */,
			);
			runOnlyForDeploymentPostprocessing = 0;
		};
/* End PBXFrameworksBuildPhase section */

/* Begin PBXGroup section */
		49C150C219A0F205B4830B5F /* Pods */ = {
			isa = PBXGroup;
			children = (
				16726E7519CE0F1928A3D6B3 /* Pods-Car Auctions.debug.xcconfig */,
				11F867A9A7E9CE3E73345864 /* Pods-Car Auctions.release.xcconfig */,
			);
			path = Pods;
			sourceTree = "<group>";
		};
		800FDB6E2556B1E40093C76C /* Fonts */ = {
			isa = PBXGroup;
			children = (
				800FDB8A2557E5E20093C76C /* Roboto-Bold.ttf */,
				800FDB6B2556B1C70093C76C /* Roboto-Regular.ttf */,
			);
			path = Fonts;
			sourceTree = "<group>";
		};
		80330A5E249A21C40074E23E = {
			isa = PBXGroup;
			children = (
				80330A69249A21C40074E23E /* Car Auctions */,
				80330A68249A21C40074E23E /* Products */,
				49C150C219A0F205B4830B5F /* Pods */,
				C86A602677F8A51BF6ECC24D /* Frameworks */,
			);
			sourceTree = "<group>";
		};
		80330A68249A21C40074E23E /* Products */ = {
			isa = PBXGroup;
			children = (
				80330A67249A21C40074E23E /* Car Auctions.app */,
			);
			name = Products;
			sourceTree = "<group>";
		};
		80330A69249A21C40074E23E /* Car Auctions */ = {
			isa = PBXGroup;
			children = (
				804834A1249BB07D005CACAF /* Views */,
				80F417AC2577EA7500182346 /* View Models */,
				8048349C249B8F30005CACAF /* Models */,
				80330A6A249A21C40074E23E /* AppDelegate.swift */,
				80330A6C249A21C40074E23E /* SceneDelegate.swift */,
				800FDB6E2556B1E40093C76C /* Fonts */,
				80330A70249A21C70074E23E /* Assets.xcassets */,
				80330A75249A21C70074E23E /* LaunchScreen.storyboard */,
				80330A78249A21C70074E23E /* Info.plist */,
				804834A2249BB34A005CACAF /* GoogleService-Info.plist */,
				80330A72249A21C70074E23E /* Preview Content */,
			);
			path = "Car Auctions";
			sourceTree = "<group>";
		};
		80330A72249A21C70074E23E /* Preview Content */ = {
			isa = PBXGroup;
			children = (
				80330A73249A21C70074E23E /* Preview Assets.xcassets */,
			);
			path = "Preview Content";
			sourceTree = "<group>";
		};
		8048349C249B8F30005CACAF /* Models */ = {
			isa = PBXGroup;
			children = (
				804451F024AE829300CFFEB4 /* AdManager.swift */,
				8048349D249B8F41005CACAF /* AuctionSaleData.swift */,
				808C26A7255B1CA1000EFA30 /* BidHistoryData.swift */,
				8095A6EC24B081C000DD59BE /* Colours.swift */,
				8048349F249B938B005CACAF /* SaleData.swift */,
			);
			path = Models;
			sourceTree = "<group>";
		};
		804834A1249BB07D005CACAF /* Views */ = {
			isa = PBXGroup;
			children = (
				80330A6E249A21C40074E23E /* FirstTimeUserScreen.swift */,
				809D1991249CC78700D3D0AE /* TabBarView.swift */,
				80483498249B612D005CACAF /* FeaturedView.swift */,
				8048349A249B8D27005CACAF /* AuctionSale.swift */,
				80AA162B24A3AA1900E258E3 /* SearchPageView.swift */,
				80047DB6253F527600EF78AB /* SearchResultsView.swift */,
				80E0C030249E186100559261 /* SellPageView.swift */,
				80D3F929255DD61E00226ECC /* UserBidsView.swift */,
				808BAE56256AD48800055B85 /* UserAccountView.swift */,
				8095A6EA24AF5CFB00DD59BE /* AdDetailView.swift */,
				804E2DB024BF74F000891202 /* LocationTextField.swift */,
				80047DB82540C8A100EF78AB /* AdListContentView.swift */,
				8090B75725495095009C2E61 /* PlaceBidView.swift */,
				80DB5A0D25596128005625D9 /* BidSuccessPopUpView.swift */,
				808BAE60256F0A5500055B85 /* UserContentView.swift */,
				804B19DA24B4B1B200EA8ED7 /* PagingView.swift */,
			);
			path = Views;
			sourceTree = "<group>";
		};
		80F417AC2577EA7500182346 /* View Models */ = {
			isa = PBXGroup;
			children = (
				804E2DB224C32F1700891202 /* LoadContent.swift */,
				80F417B7257818FB00182346 /* UserAuthenticator.swift */,
				80F417A62576583300182346 /* Favourites.swift */,
				804451EE24ADF7D000CFFEB4 /* TimeManager.swift */,
				804451F224AF25FD00CFFEB4 /* StoreUserDetails.swift */,
			);
			path = "View Models";
			sourceTree = "<group>";
		};
		C86A602677F8A51BF6ECC24D /* Frameworks */ = {
			isa = PBXGroup;
			children = (
				144FFB826B1372E3A9830BFF /* Pods_Car_Auctions.framework */,
			);
			name = Frameworks;
			sourceTree = "<group>";
		};
/* End PBXGroup section */

/* Begin PBXNativeTarget section */
		80330A66249A21C40074E23E /* Car Auctions */ = {
			isa = PBXNativeTarget;
			buildConfigurationList = 80330A7B249A21C70074E23E /* Build configuration list for PBXNativeTarget "Car Auctions" */;
			buildPhases = (
				C2A1C59CB7C686379C277815 /* [CP] Check Pods Manifest.lock */,
				80330A63249A21C40074E23E /* Sources */,
				80330A64249A21C40074E23E /* Frameworks */,
				80330A65249A21C40074E23E /* Resources */,
				4E1AA991CA0345B6F57030A7 /* [CP] Embed Pods Frameworks */,
				AF291C3D2FD34E96AE49F693 /* [CP] Copy Pods Resources */,
			);
			buildRules = (
			);
			dependencies = (
			);
			name = "Car Auctions";
			productName = "Car Auctions";
			productReference = 80330A67249A21C40074E23E /* Car Auctions.app */;
			productType = "com.apple.product-type.application";
		};
/* End PBXNativeTarget section */

/* Begin PBXProject section */
		80330A5F249A21C40074E23E /* Project object */ = {
			isa = PBXProject;
			attributes = {
				LastSwiftUpdateCheck = 1150;
				LastUpgradeCheck = 1210;
				ORGANIZATIONNAME = "Warren Elliott";
				TargetAttributes = {
					80330A66249A21C40074E23E = {
						CreatedOnToolsVersion = 11.5;
					};
				};
			};
			buildConfigurationList = 80330A62249A21C40074E23E /* Build configuration list for PBXProject "Car Auctions" */;
			compatibilityVersion = "Xcode 9.3";
			developmentRegion = en;
			hasScannedForEncodings = 0;
			knownRegions = (
				en,
				Base,
			);
			mainGroup = 80330A5E249A21C40074E23E;
			productRefGroup = 80330A68249A21C40074E23E /* Products */;
			projectDirPath = "";
			projectRoot = "";
			targets = (
				80330A66249A21C40074E23E /* Car Auctions */,
			);
		};
/* End PBXProject section */

/* Begin PBXResourcesBuildPhase section */
		80330A65249A21C40074E23E /* Resources */ = {
			isa = PBXResourcesBuildPhase;
			buildActionMask = 2147483647;
			files = (
				80330A77249A21C70074E23E /* LaunchScreen.storyboard in Resources */,
				804834A3249BB34A005CACAF /* GoogleService-Info.plist in Resources */,
				800FDB8B2557E5E20093C76C /* Roboto-Bold.ttf in Resources */,
				800FDB6C2556B1C70093C76C /* Roboto-Regular.ttf in Resources */,
				80330A74249A21C70074E23E /* Preview Assets.xcassets in Resources */,
				80330A71249A21C70074E23E /* Assets.xcassets in Resources */,
			);
			runOnlyForDeploymentPostprocessing = 0;
		};
/* End PBXResourcesBuildPhase section */

/* Begin PBXShellScriptBuildPhase section */
		4E1AA991CA0345B6F57030A7 /* [CP] Embed Pods Frameworks */ = {
			isa = PBXShellScriptBuildPhase;
			buildActionMask = 2147483647;
			files = (
			);
			inputFileListPaths = (
				"${PODS_ROOT}/Target Support Files/Pods-Car Auctions/Pods-Car Auctions-frameworks-${CONFIGURATION}-input-files.xcfilelist",
			);
			name = "[CP] Embed Pods Frameworks";
			outputFileListPaths = (
				"${PODS_ROOT}/Target Support Files/Pods-Car Auctions/Pods-Car Auctions-frameworks-${CONFIGURATION}-output-files.xcfilelist",
			);
			runOnlyForDeploymentPostprocessing = 0;
			shellPath = /bin/sh;
			shellScript = "\"${PODS_ROOT}/Target Support Files/Pods-Car Auctions/Pods-Car Auctions-frameworks.sh\"\n";
			showEnvVarsInLog = 0;
		};
		AF291C3D2FD34E96AE49F693 /* [CP] Copy Pods Resources */ = {
			isa = PBXShellScriptBuildPhase;
			buildActionMask = 2147483647;
			files = (
			);
			inputFileListPaths = (
				"${PODS_ROOT}/Target Support Files/Pods-Car Auctions/Pods-Car Auctions-resources-${CONFIGURATION}-input-files.xcfilelist",
			);
			name = "[CP] Copy Pods Resources";
			outputFileListPaths = (
				"${PODS_ROOT}/Target Support Files/Pods-Car Auctions/Pods-Car Auctions-resources-${CONFIGURATION}-output-files.xcfilelist",
			);
			runOnlyForDeploymentPostprocessing = 0;
			shellPath = /bin/sh;
			shellScript = "\"${PODS_ROOT}/Target Support Files/Pods-Car Auctions/Pods-Car Auctions-resources.sh\"\n";
			showEnvVarsInLog = 0;
		};
		C2A1C59CB7C686379C277815 /* [CP] Check Pods Manifest.lock */ = {
			isa = PBXShellScriptBuildPhase;
			buildActionMask = 2147483647;
			files = (
			);
			inputFileListPaths = (
			);
			inputPaths = (
				"${PODS_PODFILE_DIR_PATH}/Podfile.lock",
				"${PODS_ROOT}/Manifest.lock",
			);
			name = "[CP] Check Pods Manifest.lock";
			outputFileListPaths = (
			);
			outputPaths = (
				"$(DERIVED_FILE_DIR)/Pods-Car Auctions-checkManifestLockResult.txt",
			);
			runOnlyForDeploymentPostprocessing = 0;
			shellPath = /bin/sh;
			shellScript = "diff \"${PODS_PODFILE_DIR_PATH}/Podfile.lock\" \"${PODS_ROOT}/Manifest.lock\" > /dev/null\nif [ $? != 0 ] ; then\n    # print error to STDERR\n    echo \"error: The sandbox is not in sync with the Podfile.lock. Run 'pod install' or update your CocoaPods installation.\" >&2\n    exit 1\nfi\n# This output is used by Xcode 'outputs' to avoid re-running this script phase.\necho \"SUCCESS\" > \"${SCRIPT_OUTPUT_FILE_0}\"\n";
			showEnvVarsInLog = 0;
		};
/* End PBXShellScriptBuildPhase section */

/* Begin PBXSourcesBuildPhase section */
		80330A63249A21C40074E23E /* Sources */ = {
			isa = PBXSourcesBuildPhase;
			buildActionMask = 2147483647;
			files = (
				80F417B8257818FB00182346 /* UserAuthenticator.swift in Sources */,
				80DB5A0E25596128005625D9 /* BidSuccessPopUpView.swift in Sources */,
				80047DB7253F527600EF78AB /* SearchResultsView.swift in Sources */,
				80483499249B612D005CACAF /* FeaturedView.swift in Sources */,
				80E0C031249E186100559261 /* SellPageView.swift in Sources */,
				80330A6B249A21C40074E23E /* AppDelegate.swift in Sources */,
				804451F124AE829300CFFEB4 /* AdManager.swift in Sources */,
				809D1992249CC78700D3D0AE /* TabBarView.swift in Sources */,
				80330A6D249A21C40074E23E /* SceneDelegate.swift in Sources */,
				804834A0249B938B005CACAF /* SaleData.swift in Sources */,
				80047DB92540C8A100EF78AB /* AdListContentView.swift in Sources */,
				804E2DB324C32F1700891202 /* LoadContent.swift in Sources */,
				8095A6EB24AF5CFB00DD59BE /* AdDetailView.swift in Sources */,
				804E2DB124BF74F000891202 /* LocationTextField.swift in Sources */,
				804451F324AF25FD00CFFEB4 /* StoreUserDetails.swift in Sources */,
				808BAE57256AD48800055B85 /* UserAccountView.swift in Sources */,
				80F417A72576583300182346 /* Favourites.swift in Sources */,
				804B19DB24B4B1B200EA8ED7 /* PagingView.swift in Sources */,
				808BAE61256F0A5500055B85 /* UserContentView.swift in Sources */,
				80D3F92A255DD61E00226ECC /* UserBidsView.swift in Sources */,
				8090B75825495095009C2E61 /* PlaceBidView.swift in Sources */,
				804451EF24ADF7D000CFFEB4 /* TimeManager.swift in Sources */,
				808C26A8255B1CA1000EFA30 /* BidHistoryData.swift in Sources */,
				80AA162C24A3AA1900E258E3 /* SearchPageView.swift in Sources */,
				8048349E249B8F41005CACAF /* AuctionSaleData.swift in Sources */,
				8048349B249B8D27005CACAF /* AuctionSale.swift in Sources */,
				80330A6F249A21C40074E23E /* FirstTimeUserScreen.swift in Sources */,
				8095A6ED24B081C000DD59BE /* Colours.swift in Sources */,
			);
			runOnlyForDeploymentPostprocessing = 0;
		};
/* End PBXSourcesBuildPhase section */

/* Begin PBXVariantGroup section */
		80330A75249A21C70074E23E /* LaunchScreen.storyboard */ = {
			isa = PBXVariantGroup;
			children = (
				80330A76249A21C70074E23E /* Base */,
			);
			name = LaunchScreen.storyboard;
			sourceTree = "<group>";
		};
/* End PBXVariantGroup section */

/* Begin XCBuildConfiguration section */
		80330A79249A21C70074E23E /* Debug */ = {
			isa = XCBuildConfiguration;
			buildSettings = {
				ALWAYS_SEARCH_USER_PATHS = NO;
				CLANG_ANALYZER_NONNULL = YES;
				CLANG_ANALYZER_NUMBER_OBJECT_CONVERSION = YES_AGGRESSIVE;
				CLANG_CXX_LANGUAGE_STANDARD = "gnu++14";
				CLANG_CXX_LIBRARY = "libc++";
				CLANG_ENABLE_MODULES = YES;
				CLANG_ENABLE_OBJC_ARC = YES;
				CLANG_ENABLE_OBJC_WEAK = YES;
				CLANG_WARN_BLOCK_CAPTURE_AUTORELEASING = YES;
				CLANG_WARN_BOOL_CONVERSION = YES;
				CLANG_WARN_COMMA = YES;
				CLANG_WARN_CONSTANT_CONVERSION = YES;
				CLANG_WARN_DEPRECATED_OBJC_IMPLEMENTATIONS = YES;
				CLANG_WARN_DIRECT_OBJC_ISA_USAGE = YES_ERROR;
				CLANG_WARN_DOCUMENTATION_COMMENTS = YES;
				CLANG_WARN_EMPTY_BODY = YES;
				CLANG_WARN_ENUM_CONVERSION = YES;
				CLANG_WARN_INFINITE_RECURSION = YES;
				CLANG_WARN_INT_CONVERSION = YES;
				CLANG_WARN_NON_LITERAL_NULL_CONVERSION = YES;
				CLANG_WARN_OBJC_IMPLICIT_RETAIN_SELF = YES;
				CLANG_WARN_OBJC_LITERAL_CONVERSION = YES;
				CLANG_WARN_OBJC_ROOT_CLASS = YES_ERROR;
				CLANG_WARN_QUOTED_INCLUDE_IN_FRAMEWORK_HEADER = YES;
				CLANG_WARN_RANGE_LOOP_ANALYSIS = YES;
				CLANG_WARN_STRICT_PROTOTYPES = YES;
				CLANG_WARN_SUSPICIOUS_MOVE = YES;
				CLANG_WARN_UNGUARDED_AVAILABILITY = YES_AGGRESSIVE;
				CLANG_WARN_UNREACHABLE_CODE = YES;
				CLANG_WARN__DUPLICATE_METHOD_MATCH = YES;
				COPY_PHASE_STRIP = NO;
				DEBUG_INFORMATION_FORMAT = dwarf;
				ENABLE_STRICT_OBJC_MSGSEND = YES;
				ENABLE_TESTABILITY = YES;
				GCC_C_LANGUAGE_STANDARD = gnu11;
				GCC_DYNAMIC_NO_PIC = NO;
				GCC_NO_COMMON_BLOCKS = YES;
				GCC_OPTIMIZATION_LEVEL = 0;
				GCC_PREPROCESSOR_DEFINITIONS = (
					"DEBUG=1",
					"$(inherited)",
				);
				GCC_WARN_64_TO_32_BIT_CONVERSION = YES;
				GCC_WARN_ABOUT_RETURN_TYPE = YES_ERROR;
				GCC_WARN_UNDECLARED_SELECTOR = YES;
				GCC_WARN_UNINITIALIZED_AUTOS = YES_AGGRESSIVE;
				GCC_WARN_UNUSED_FUNCTION = YES;
				GCC_WARN_UNUSED_VARIABLE = YES;
				IPHONEOS_DEPLOYMENT_TARGET = 13.5;
				MTL_ENABLE_DEBUG_INFO = INCLUDE_SOURCE;
				MTL_FAST_MATH = YES;
				ONLY_ACTIVE_ARCH = YES;
				SDKROOT = iphoneos;
				SWIFT_ACTIVE_COMPILATION_CONDITIONS = DEBUG;
				SWIFT_OPTIMIZATION_LEVEL = "-Onone";
				SWIFT_SUPPRESS_WARNINGS = YES;
			};
			name = Debug;
		};
		80330A7A249A21C70074E23E /* Release */ = {
			isa = XCBuildConfiguration;
			buildSettings = {
				ALWAYS_SEARCH_USER_PATHS = NO;
				CLANG_ANALYZER_NONNULL = YES;
				CLANG_ANALYZER_NUMBER_OBJECT_CONVERSION = YES_AGGRESSIVE;
				CLANG_CXX_LANGUAGE_STANDARD = "gnu++14";
				CLANG_CXX_LIBRARY = "libc++";
				CLANG_ENABLE_MODULES = YES;
				CLANG_ENABLE_OBJC_ARC = YES;
				CLANG_ENABLE_OBJC_WEAK = YES;
				CLANG_WARN_BLOCK_CAPTURE_AUTORELEASING = YES;
				CLANG_WARN_BOOL_CONVERSION = YES;
				CLANG_WARN_COMMA = YES;
				CLANG_WARN_CONSTANT_CONVERSION = YES;
				CLANG_WARN_DEPRECATED_OBJC_IMPLEMENTATIONS = YES;
				CLANG_WARN_DIRECT_OBJC_ISA_USAGE = YES_ERROR;
				CLANG_WARN_DOCUMENTATION_COMMENTS = YES;
				CLANG_WARN_EMPTY_BODY = YES;
				CLANG_WARN_ENUM_CONVERSION = YES;
				CLANG_WARN_INFINITE_RECURSION = YES;
				CLANG_WARN_INT_CONVERSION = YES;
				CLANG_WARN_NON_LITERAL_NULL_CONVERSION = YES;
				CLANG_WARN_OBJC_IMPLICIT_RETAIN_SELF = YES;
				CLANG_WARN_OBJC_LITERAL_CONVERSION = YES;
				CLANG_WARN_OBJC_ROOT_CLASS = YES_ERROR;
				CLANG_WARN_QUOTED_INCLUDE_IN_FRAMEWORK_HEADER = YES;
				CLANG_WARN_RANGE_LOOP_ANALYSIS = YES;
				CLANG_WARN_STRICT_PROTOTYPES = YES;
				CLANG_WARN_SUSPICIOUS_MOVE = YES;
				CLANG_WARN_UNGUARDED_AVAILABILITY = YES_AGGRESSIVE;
				CLANG_WARN_UNREACHABLE_CODE = YES;
				CLANG_WARN__DUPLICATE_METHOD_MATCH = YES;
				COPY_PHASE_STRIP = NO;
				DEBUG_INFORMATION_FORMAT = "dwarf-with-dsym";
				ENABLE_NS_ASSERTIONS = NO;
				ENABLE_STRICT_OBJC_MSGSEND = YES;
				GCC_C_LANGUAGE_STANDARD = gnu11;
				GCC_NO_COMMON_BLOCKS = YES;
				GCC_WARN_64_TO_32_BIT_CONVERSION = YES;
				GCC_WARN_ABOUT_RETURN_TYPE = YES_ERROR;
				GCC_WARN_UNDECLARED_SELECTOR = YES;
				GCC_WARN_UNINITIALIZED_AUTOS = YES_AGGRESSIVE;
				GCC_WARN_UNUSED_FUNCTION = YES;
				GCC_WARN_UNUSED_VARIABLE = YES;
				IPHONEOS_DEPLOYMENT_TARGET = 13.5;
				MTL_ENABLE_DEBUG_INFO = NO;
				MTL_FAST_MATH = YES;
				SDKROOT = iphoneos;
				SWIFT_COMPILATION_MODE = wholemodule;
				SWIFT_OPTIMIZATION_LEVEL = "-O";
				SWIFT_SUPPRESS_WARNINGS = YES;
				VALIDATE_PRODUCT = YES;
			};
			name = Release;
		};
		80330A7C249A21C70074E23E /* Debug */ = {
			isa = XCBuildConfiguration;
			baseConfigurationReference = 16726E7519CE0F1928A3D6B3 /* Pods-Car Auctions.debug.xcconfig */;
			buildSettings = {
				ASSETCATALOG_COMPILER_APPICON_NAME = AppIcon;
				CODE_SIGN_STYLE = Automatic;
				DEVELOPMENT_ASSET_PATHS = "\"Car Auctions/Preview Content\"";
				DEVELOPMENT_TEAM = 84DJYQD757;
				ENABLE_PREVIEWS = YES;
				INFOPLIST_FILE = "Car Auctions/Info.plist";
				LD_RUNPATH_SEARCH_PATHS = (
					"$(inherited)",
					"@executable_path/Frameworks",
				);
				PRODUCT_BUNDLE_IDENTIFIER = "com.warrenElliott.Car-Auctions";
				PRODUCT_NAME = "$(TARGET_NAME)";
				SWIFT_VERSION = 5.0;
				TARGETED_DEVICE_FAMILY = "1,2";
			};
			name = Debug;
		};
		80330A7D249A21C70074E23E /* Release */ = {
			isa = XCBuildConfiguration;
			baseConfigurationReference = 11F867A9A7E9CE3E73345864 /* Pods-Car Auctions.release.xcconfig */;
			buildSettings = {
				ASSETCATALOG_COMPILER_APPICON_NAME = AppIcon;
				CODE_SIGN_STYLE = Automatic;
				DEVELOPMENT_ASSET_PATHS = "\"Car Auctions/Preview Content\"";
				DEVELOPMENT_TEAM = 84DJYQD757;
				ENABLE_PREVIEWS = YES;
				INFOPLIST_FILE = "Car Auctions/Info.plist";
				LD_RUNPATH_SEARCH_PATHS = (
					"$(inherited)",
					"@executable_path/Frameworks",
				);
				PRODUCT_BUNDLE_IDENTIFIER = "com.warrenElliott.Car-Auctions";
				PRODUCT_NAME = "$(TARGET_NAME)";
				SWIFT_VERSION = 5.0;
				TARGETED_DEVICE_FAMILY = "1,2";
			};
			name = Release;
		};
/* End XCBuildConfiguration section */

/* Begin XCConfigurationList section */
		80330A62249A21C40074E23E /* Build configuration list for PBXProject "Car Auctions" */ = {
			isa = XCConfigurationList;
			buildConfigurations = (
				80330A79249A21C70074E23E /* Debug */,
				80330A7A249A21C70074E23E /* Release */,
			);
			defaultConfigurationIsVisible = 0;
			defaultConfigurationName = Release;
		};
		80330A7B249A21C70074E23E /* Build configuration list for PBXNativeTarget "Car Auctions" */ = {
			isa = XCConfigurationList;
			buildConfigurations = (
				80330A7C249A21C70074E23E /* Debug */,
				80330A7D249A21C70074E23E /* Release */,
			);
			defaultConfigurationIsVisible = 0;
			defaultConfigurationName = Release;
		};
/* End XCConfigurationList section */
	};
	rootObject = 80330A5F249A21C40074E23E /* Project object */;
}
